// !$*UTF8*$!
{
	archiveVersion = 1;
	classes = {
	};
	objectVersion = 50;
	objects = {

/* Begin PBXBuildFile section */
		467FC934226D34C900787148 /* AppDelegate.swift in Sources */ = {isa = PBXBuildFile; fileRef = 467FC933226D34C900787148 /* AppDelegate.swift */; };
		467FC936226D34C900787148 /* SetPinPointViewController.swift in Sources */ = {isa = PBXBuildFile; fileRef = 467FC935226D34C900787148 /* SetPinPointViewController.swift */; };
		467FC939226D34C900787148 /* Main.storyboard in Resources */ = {isa = PBXBuildFile; fileRef = 467FC937226D34C900787148 /* Main.storyboard */; };
		467FC93B226D34CB00787148 /* Assets.xcassets in Resources */ = {isa = PBXBuildFile; fileRef = 467FC93A226D34CB00787148 /* Assets.xcassets */; };
		467FC93E226D34CB00787148 /* LaunchScreen.storyboard in Resources */ = {isa = PBXBuildFile; fileRef = 467FC93C226D34CB00787148 /* LaunchScreen.storyboard */; };
		467FC94A226D483000787148 /* ConfigPinPointViewController.swift in Sources */ = {isa = PBXBuildFile; fileRef = 467FC949226D483000787148 /* ConfigPinPointViewController.swift */; };
		467FC94C226D486500787148 /* SetPinPointPointViewController.swift in Sources */ = {isa = PBXBuildFile; fileRef = 467FC94B226D486500787148 /* SetPinPointPointViewController.swift */; };
		467FC94E226D487E00787148 /* SetPinPointSongViewController.swift in Sources */ = {isa = PBXBuildFile; fileRef = 467FC94D226D487E00787148 /* SetPinPointSongViewController.swift */; };
		467FC953226D4A7500787148 /* PinPointTableViewCell.swift in Sources */ = {isa = PBXBuildFile; fileRef = 467FC952226D4A7500787148 /* PinPointTableViewCell.swift */; };
		467FC955226D4B3500787148 /* PinPointTableViewCell.xib in Resources */ = {isa = PBXBuildFile; fileRef = 467FC954226D4B3500787148 /* PinPointTableViewCell.xib */; };
		467FC957226D60AE00787148 /* SetPinPointModel.swift in Sources */ = {isa = PBXBuildFile; fileRef = 467FC956226D60AE00787148 /* SetPinPointModel.swift */; };
		467FC959226D60BC00787148 /* SetPinPointPresenter.swift in Sources */ = {isa = PBXBuildFile; fileRef = 467FC958226D60BC00787148 /* SetPinPointPresenter.swift */; };
		467FC95B226D60D100787148 /* ConfigPinPointModel.swift in Sources */ = {isa = PBXBuildFile; fileRef = 467FC95A226D60D100787148 /* ConfigPinPointModel.swift */; };
		467FC95D226D60DE00787148 /* ConfigPinPointPresenter.swift in Sources */ = {isa = PBXBuildFile; fileRef = 467FC95C226D60DE00787148 /* ConfigPinPointPresenter.swift */; };
		467FC963226D611300787148 /* SetPinPointPointPresenter.swift in Sources */ = {isa = PBXBuildFile; fileRef = 467FC962226D611300787148 /* SetPinPointPointPresenter.swift */; };
		467FC965226D611F00787148 /* SetPinPointPointModel.swift in Sources */ = {isa = PBXBuildFile; fileRef = 467FC964226D611F00787148 /* SetPinPointPointModel.swift */; };
		467FC967226D612E00787148 /* SetPinPointSongModel.swift in Sources */ = {isa = PBXBuildFile; fileRef = 467FC966226D612E00787148 /* SetPinPointSongModel.swift */; };
		467FC969226D613800787148 /* SetPinPointSongPresenter.swift in Sources */ = {isa = PBXBuildFile; fileRef = 467FC968226D613800787148 /* SetPinPointSongPresenter.swift */; };
/* End PBXBuildFile section */

/* Begin PBXFileReference section */
		467FC930226D34C900787148 /* MachiLive.app */ = {isa = PBXFileReference; explicitFileType = wrapper.application; includeInIndex = 0; path = MachiLive.app; sourceTree = BUILT_PRODUCTS_DIR; };
		467FC933226D34C900787148 /* AppDelegate.swift */ = {isa = PBXFileReference; lastKnownFileType = sourcecode.swift; path = AppDelegate.swift; sourceTree = "<group>"; };
		467FC935226D34C900787148 /* SetPinPointViewController.swift */ = {isa = PBXFileReference; lastKnownFileType = sourcecode.swift; path = SetPinPointViewController.swift; sourceTree = "<group>"; };
		467FC938226D34C900787148 /* Base */ = {isa = PBXFileReference; lastKnownFileType = file.storyboard; name = Base; path = Base.lproj/Main.storyboard; sourceTree = "<group>"; };
		467FC93A226D34CB00787148 /* Assets.xcassets */ = {isa = PBXFileReference; lastKnownFileType = folder.assetcatalog; path = Assets.xcassets; sourceTree = "<group>"; };
		467FC93D226D34CB00787148 /* Base */ = {isa = PBXFileReference; lastKnownFileType = file.storyboard; name = Base; path = Base.lproj/LaunchScreen.storyboard; sourceTree = "<group>"; };
		467FC93F226D34CB00787148 /* Info.plist */ = {isa = PBXFileReference; lastKnownFileType = text.plist.xml; path = Info.plist; sourceTree = "<group>"; };
		467FC949226D483000787148 /* ConfigPinPointViewController.swift */ = {isa = PBXFileReference; lastKnownFileType = sourcecode.swift; path = ConfigPinPointViewController.swift; sourceTree = "<group>"; };
		467FC94B226D486500787148 /* SetPinPointPointViewController.swift */ = {isa = PBXFileReference; lastKnownFileType = sourcecode.swift; path = SetPinPointPointViewController.swift; sourceTree = "<group>"; };
		467FC94D226D487E00787148 /* SetPinPointSongViewController.swift */ = {isa = PBXFileReference; lastKnownFileType = sourcecode.swift; path = SetPinPointSongViewController.swift; sourceTree = "<group>"; };
		467FC952226D4A7500787148 /* PinPointTableViewCell.swift */ = {isa = PBXFileReference; lastKnownFileType = sourcecode.swift; path = PinPointTableViewCell.swift; sourceTree = "<group>"; };
		467FC954226D4B3500787148 /* PinPointTableViewCell.xib */ = {isa = PBXFileReference; lastKnownFileType = file.xib; path = PinPointTableViewCell.xib; sourceTree = "<group>"; };
		467FC956226D60AE00787148 /* SetPinPointModel.swift */ = {isa = PBXFileReference; lastKnownFileType = sourcecode.swift; path = SetPinPointModel.swift; sourceTree = "<group>"; };
		467FC958226D60BC00787148 /* SetPinPointPresenter.swift */ = {isa = PBXFileReference; lastKnownFileType = sourcecode.swift; path = SetPinPointPresenter.swift; sourceTree = "<group>"; };
		467FC95A226D60D100787148 /* ConfigPinPointModel.swift */ = {isa = PBXFileReference; lastKnownFileType = sourcecode.swift; path = ConfigPinPointModel.swift; sourceTree = "<group>"; };
		467FC95C226D60DE00787148 /* ConfigPinPointPresenter.swift */ = {isa = PBXFileReference; lastKnownFileType = sourcecode.swift; path = ConfigPinPointPresenter.swift; sourceTree = "<group>"; };
		467FC962226D611300787148 /* SetPinPointPointPresenter.swift */ = {isa = PBXFileReference; lastKnownFileType = sourcecode.swift; path = SetPinPointPointPresenter.swift; sourceTree = "<group>"; };
		467FC964226D611F00787148 /* SetPinPointPointModel.swift */ = {isa = PBXFileReference; lastKnownFileType = sourcecode.swift; path = SetPinPointPointModel.swift; sourceTree = "<group>"; };
		467FC966226D612E00787148 /* SetPinPointSongModel.swift */ = {isa = PBXFileReference; lastKnownFileType = sourcecode.swift; path = SetPinPointSongModel.swift; sourceTree = "<group>"; };
		467FC968226D613800787148 /* SetPinPointSongPresenter.swift */ = {isa = PBXFileReference; lastKnownFileType = sourcecode.swift; path = SetPinPointSongPresenter.swift; sourceTree = "<group>"; };
/* End PBXFileReference section */

/* Begin PBXFrameworksBuildPhase section */
		467FC92D226D34C800787148 /* Frameworks */ = {
			isa = PBXFrameworksBuildPhase;
			buildActionMask = 2147483647;
			files = (
			);
			runOnlyForDeploymentPostprocessing = 0;
		};
/* End PBXFrameworksBuildPhase section */

/* Begin PBXGroup section */
		467FC927226D34C800787148 = {
			isa = PBXGroup;
			children = (
				467FC932226D34C900787148 /* MachiLive */,
				467FC931226D34C900787148 /* Products */,
			);
			sourceTree = "<group>";
		};
		467FC931226D34C900787148 /* Products */ = {
			isa = PBXGroup;
			children = (
				467FC930226D34C900787148 /* MachiLive.app */,
			);
			name = Products;
			sourceTree = "<group>";
		};
		467FC932226D34C900787148 /* MachiLive */ = {
			isa = PBXGroup;
			children = (
				467FC933226D34C900787148 /* AppDelegate.swift */,
				467FC937226D34C900787148 /* Main.storyboard */,
				467FC93A226D34CB00787148 /* Assets.xcassets */,
				467FC93C226D34CB00787148 /* LaunchScreen.storyboard */,
				467FC93F226D34CB00787148 /* Info.plist */,
				467FC94F226D48D100787148 /* util */,
				467FC946226D3B2E00787148 /* SetPinPoint */,
				467FC945226D3AEB00787148 /* ConfigPinPoint */,
				467FC947226D3B5200787148 /* SetPinPointPoint */,
				467FC948226D3B6600787148 /* SetPinPointSong */,
			);
			path = MachiLive;
			sourceTree = "<group>";
		};
		467FC945226D3AEB00787148 /* ConfigPinPoint */ = {
			isa = PBXGroup;
			children = (
				467FC949226D483000787148 /* ConfigPinPointViewController.swift */,
				467FC95C226D60DE00787148 /* ConfigPinPointPresenter.swift */,
				467FC95A226D60D100787148 /* ConfigPinPointModel.swift */,
			);
			path = ConfigPinPoint;
			sourceTree = "<group>";
		};
		467FC946226D3B2E00787148 /* SetPinPoint */ = {
			isa = PBXGroup;
			children = (
				467FC935226D34C900787148 /* SetPinPointViewController.swift */,
				467FC958226D60BC00787148 /* SetPinPointPresenter.swift */,
				467FC956226D60AE00787148 /* SetPinPointModel.swift */,
			);
			path = SetPinPoint;
			sourceTree = "<group>";
		};
		467FC947226D3B5200787148 /* SetPinPointPoint */ = {
			isa = PBXGroup;
			children = (
				467FC94B226D486500787148 /* SetPinPointPointViewController.swift */,
				467FC962226D611300787148 /* SetPinPointPointPresenter.swift */,
				467FC964226D611F00787148 /* SetPinPointPointModel.swift */,
			);
			path = SetPinPointPoint;
			sourceTree = "<group>";
		};
		467FC948226D3B6600787148 /* SetPinPointSong */ = {
			isa = PBXGroup;
			children = (
				467FC94D226D487E00787148 /* SetPinPointSongViewController.swift */,
				467FC968226D613800787148 /* SetPinPointSongPresenter.swift */,
				467FC966226D612E00787148 /* SetPinPointSongModel.swift */,
			);
			path = SetPinPointSong;
			sourceTree = "<group>";
		};
		467FC94F226D48D100787148 /* util */ = {
			isa = PBXGroup;
			children = (
				467FC952226D4A7500787148 /* PinPointTableViewCell.swift */,
				467FC954226D4B3500787148 /* PinPointTableViewCell.xib */,
			);
			path = util;
			sourceTree = "<group>";
		};
/* End PBXGroup section */

/* Begin PBXNativeTarget section */
		467FC92F226D34C800787148 /* MachiLive */ = {
			isa = PBXNativeTarget;
			buildConfigurationList = 467FC942226D34CB00787148 /* Build configuration list for PBXNativeTarget "MachiLive" */;
			buildPhases = (
				467FC92C226D34C800787148 /* Sources */,
				467FC92D226D34C800787148 /* Frameworks */,
				467FC92E226D34C800787148 /* Resources */,
			);
			buildRules = (
			);
			dependencies = (
			);
			name = MachiLive;
			productName = MachiLive;
			productReference = 467FC930226D34C900787148 /* MachiLive.app */;
			productType = "com.apple.product-type.application";
		};
/* End PBXNativeTarget section */

/* Begin PBXProject section */
		467FC928226D34C800787148 /* Project object */ = {
			isa = PBXProject;
			attributes = {
				LastSwiftUpdateCheck = 1010;
				LastUpgradeCheck = 1010;
				ORGANIZATIONNAME = kwtkMe;
				TargetAttributes = {
					467FC92F226D34C800787148 = {
						CreatedOnToolsVersion = 10.1;
					};
				};
			};
			buildConfigurationList = 467FC92B226D34C800787148 /* Build configuration list for PBXProject "MachiLive" */;
			compatibilityVersion = "Xcode 9.3";
			developmentRegion = en;
			hasScannedForEncodings = 0;
			knownRegions = (
				en,
				Base,
			);
			mainGroup = 467FC927226D34C800787148;
			productRefGroup = 467FC931226D34C900787148 /* Products */;
			projectDirPath = "";
			projectRoot = "";
			targets = (
				467FC92F226D34C800787148 /* MachiLive */,
			);
		};
/* End PBXProject section */

/* Begin PBXResourcesBuildPhase section */
		467FC92E226D34C800787148 /* Resources */ = {
			isa = PBXResourcesBuildPhase;
			buildActionMask = 2147483647;
			files = (
				467FC93E226D34CB00787148 /* LaunchScreen.storyboard in Resources */,
				467FC93B226D34CB00787148 /* Assets.xcassets in Resources */,
				467FC955226D4B3500787148 /* PinPointTableViewCell.xib in Resources */,
				467FC939226D34C900787148 /* Main.storyboard in Resources */,
			);
			runOnlyForDeploymentPostprocessing = 0;
		};
/* End PBXResourcesBuildPhase section */

/* Begin PBXSourcesBuildPhase section */
		467FC92C226D34C800787148 /* Sources */ = {
			isa = PBXSourcesBuildPhase;
			buildActionMask = 2147483647;
			files = (
				467FC936226D34C900787148 /* SetPinPointViewController.swift in Sources */,
				467FC94E226D487E00787148 /* SetPinPointSongViewController.swift in Sources */,
				467FC963226D611300787148 /* SetPinPointPointPresenter.swift in Sources */,
				467FC95B226D60D100787148 /* ConfigPinPointModel.swift in Sources */,
				467FC959226D60BC00787148 /* SetPinPointPresenter.swift in Sources */,
				467FC94C226D486500787148 /* SetPinPointPointViewController.swift in Sources */,
				467FC965226D611F00787148 /* SetPinPointPointModel.swift in Sources */,
				467FC969226D613800787148 /* SetPinPointSongPresenter.swift in Sources */,
				467FC94A226D483000787148 /* ConfigPinPointViewController.swift in Sources */,
				467FC953226D4A7500787148 /* PinPointTableViewCell.swift in Sources */,
				467FC957226D60AE00787148 /* SetPinPointModel.swift in Sources */,
				467FC934226D34C900787148 /* AppDelegate.swift in Sources */,
				467FC967226D612E00787148 /* SetPinPointSongModel.swift in Sources */,
				467FC95D226D60DE00787148 /* ConfigPinPointPresenter.swift in Sources */,
			);
			runOnlyForDeploymentPostprocessing = 0;
		};
/* End PBXSourcesBuildPhase section */

/* Begin PBXVariantGroup section */
		467FC937226D34C900787148 /* Main.storyboard */ = {
			isa = PBXVariantGroup;
			children = (
				467FC938226D34C900787148 /* Base */,
			);
			name = Main.storyboard;
			sourceTree = "<group>";
		};
		467FC93C226D34CB00787148 /* LaunchScreen.storyboard */ = {
			isa = PBXVariantGroup;
			children = (
				467FC93D226D34CB00787148 /* Base */,
			);
			name = LaunchScreen.storyboard;
			sourceTree = "<group>";
		};
/* End PBXVariantGroup section */

/* Begin XCBuildConfiguration section */
		467FC940226D34CB00787148 /* Debug */ = {
			isa = XCBuildConfiguration;
			buildSettings = {
				ALWAYS_SEARCH_USER_PATHS = NO;
				CLANG_ANALYZER_NONNULL = YES;
				CLANG_ANALYZER_NUMBER_OBJECT_CONVERSION = YES_AGGRESSIVE;
				CLANG_CXX_LANGUAGE_STANDARD = "gnu++14";
				CLANG_CXX_LIBRARY = "libc++";
				CLANG_ENABLE_MODULES = YES;
				CLANG_ENABLE_OBJC_ARC = YES;
				CLANG_ENABLE_OBJC_WEAK = YES;
				CLANG_WARN_BLOCK_CAPTURE_AUTORELEASING = YES;
				CLANG_WARN_BOOL_CONVERSION = YES;
				CLANG_WARN_COMMA = YES;
				CLANG_WARN_CONSTANT_CONVERSION = YES;
				CLANG_WARN_DEPRECATED_OBJC_IMPLEMENTATIONS = YES;
				CLANG_WARN_DIRECT_OBJC_ISA_USAGE = YES_ERROR;
				CLANG_WARN_DOCUMENTATION_COMMENTS = YES;
				CLANG_WARN_EMPTY_BODY = YES;
				CLANG_WARN_ENUM_CONVERSION = YES;
				CLANG_WARN_INFINITE_RECURSION = YES;
				CLANG_WARN_INT_CONVERSION = YES;
				CLANG_WARN_NON_LITERAL_NULL_CONVERSION = YES;
				CLANG_WARN_OBJC_IMPLICIT_RETAIN_SELF = YES;
				CLANG_WARN_OBJC_LITERAL_CONVERSION = YES;
				CLANG_WARN_OBJC_ROOT_CLASS = YES_ERROR;
				CLANG_WARN_RANGE_LOOP_ANALYSIS = YES;
				CLANG_WARN_STRICT_PROTOTYPES = YES;
				CLANG_WARN_SUSPICIOUS_MOVE = YES;
				CLANG_WARN_UNGUARDED_AVAILABILITY = YES_AGGRESSIVE;
				CLANG_WARN_UNREACHABLE_CODE = YES;
				CLANG_WARN__DUPLICATE_METHOD_MATCH = YES;
				CODE_SIGN_IDENTITY = "iPhone Developer";
				COPY_PHASE_STRIP = NO;
				DEBUG_INFORMATION_FORMAT = dwarf;
				ENABLE_STRICT_OBJC_MSGSEND = YES;
				ENABLE_TESTABILITY = YES;
				GCC_C_LANGUAGE_STANDARD = gnu11;
				GCC_DYNAMIC_NO_PIC = NO;
				GCC_NO_COMMON_BLOCKS = YES;
				GCC_OPTIMIZATION_LEVEL = 0;
				GCC_PREPROCESSOR_DEFINITIONS = (
					"DEBUG=1",
					"$(inherited)",
				);
				GCC_WARN_64_TO_32_BIT_CONVERSION = YES;
				GCC_WARN_ABOUT_RETURN_TYPE = YES_ERROR;
				GCC_WARN_UNDECLARED_SELECTOR = YES;
				GCC_WARN_UNINITIALIZED_AUTOS = YES_AGGRESSIVE;
				GCC_WARN_UNUSED_FUNCTION = YES;
				GCC_WARN_UNUSED_VARIABLE = YES;
				IPHONEOS_DEPLOYMENT_TARGET = 12.1;
				MTL_ENABLE_DEBUG_INFO = INCLUDE_SOURCE;
				MTL_FAST_MATH = YES;
				ONLY_ACTIVE_ARCH = YES;
				SDKROOT = iphoneos;
				SWIFT_ACTIVE_COMPILATION_CONDITIONS = DEBUG;
				SWIFT_OPTIMIZATION_LEVEL = "-Onone";
			};
			name = Debug;
		};
		467FC941226D34CB00787148 /* Release */ = {
			isa = XCBuildConfiguration;
			buildSettings = {
				ALWAYS_SEARCH_USER_PATHS = NO;
				CLANG_ANALYZER_NONNULL = YES;
				CLANG_ANALYZER_NUMBER_OBJECT_CONVERSION = YES_AGGRESSIVE;
				CLANG_CXX_LANGUAGE_STANDARD = "gnu++14";
				CLANG_CXX_LIBRARY = "libc++";
				CLANG_ENABLE_MODULES = YES;
				CLANG_ENABLE_OBJC_ARC = YES;
				CLANG_ENABLE_OBJC_WEAK = YES;
				CLANG_WARN_BLOCK_CAPTURE_AUTORELEASING = YES;
				CLANG_WARN_BOOL_CONVERSION = YES;
				CLANG_WARN_COMMA = YES;
				CLANG_WARN_CONSTANT_CONVERSION = YES;
				CLANG_WARN_DEPRECATED_OBJC_IMPLEMENTATIONS = YES;
				CLANG_WARN_DIRECT_OBJC_ISA_USAGE = YES_ERROR;
				CLANG_WARN_DOCUMENTATION_COMMENTS = YES;
				CLANG_WARN_EMPTY_BODY = YES;
				CLANG_WARN_ENUM_CONVERSION = YES;
				CLANG_WARN_INFINITE_RECURSION = YES;
				CLANG_WARN_INT_CONVERSION = YES;
				CLANG_WARN_NON_LITERAL_NULL_CONVERSION = YES;
				CLANG_WARN_OBJC_IMPLICIT_RETAIN_SELF = YES;
				CLANG_WARN_OBJC_LITERAL_CONVERSION = YES;
				CLANG_WARN_OBJC_ROOT_CLASS = YES_ERROR;
				CLANG_WARN_RANGE_LOOP_ANALYSIS = YES;
				CLANG_WARN_STRICT_PROTOTYPES = YES;
				CLANG_WARN_SUSPICIOUS_MOVE = YES;
				CLANG_WARN_UNGUARDED_AVAILABILITY = YES_AGGRESSIVE;
				CLANG_WARN_UNREACHABLE_CODE = YES;
				CLANG_WARN__DUPLICATE_METHOD_MATCH = YES;
				CODE_SIGN_IDENTITY = "iPhone Developer";
				COPY_PHASE_STRIP = NO;
				DEBUG_INFORMATION_FORMAT = "dwarf-with-dsym";
				ENABLE_NS_ASSERTIONS = NO;
				ENABLE_STRICT_OBJC_MSGSEND = YES;
				GCC_C_LANGUAGE_STANDARD = gnu11;
				GCC_NO_COMMON_BLOCKS = YES;
				GCC_WARN_64_TO_32_BIT_CONVERSION = YES;
				GCC_WARN_ABOUT_RETURN_TYPE = YES_ERROR;
				GCC_WARN_UNDECLARED_SELECTOR = YES;
				GCC_WARN_UNINITIALIZED_AUTOS = YES_AGGRESSIVE;
				GCC_WARN_UNUSED_FUNCTION = YES;
				GCC_WARN_UNUSED_VARIABLE = YES;
				IPHONEOS_DEPLOYMENT_TARGET = 12.1;
				MTL_ENABLE_DEBUG_INFO = NO;
				MTL_FAST_MATH = YES;
				SDKROOT = iphoneos;
				SWIFT_COMPILATION_MODE = wholemodule;
				SWIFT_OPTIMIZATION_LEVEL = "-O";
				VALIDATE_PRODUCT = YES;
			};
			name = Release;
		};
		467FC943226D34CB00787148 /* Debug */ = {
			isa = XCBuildConfiguration;
			buildSettings = {
				ASSETCATALOG_COMPILER_APPICON_NAME = AppIcon;
				CODE_SIGN_STYLE = Automatic;
				DEVELOPMENT_TEAM = T76YCQUHFU;
				INFOPLIST_FILE = MachiLive/Info.plist;
				LD_RUNPATH_SEARCH_PATHS = (
					"$(inherited)",
					"@executable_path/Frameworks",
				);
				PRODUCT_BUNDLE_IDENTIFIER = com.Reverse.MachiLive;
				PRODUCT_NAME = "$(TARGET_NAME)";
				SWIFT_VERSION = 4.2;
				TARGETED_DEVICE_FAMILY = "1,2";
			};
			name = Debug;
		};
		467FC944226D34CB00787148 /* Release */ = {
			isa = XCBuildConfiguration;
			buildSettings = {
				ASSETCATALOG_COMPILER_APPICON_NAME = AppIcon;
				CODE_SIGN_STYLE = Automatic;
				DEVELOPMENT_TEAM = T76YCQUHFU;
				INFOPLIST_FILE = MachiLive/Info.plist;
				LD_RUNPATH_SEARCH_PATHS = (
					"$(inherited)",
					"@executable_path/Frameworks",
				);
				PRODUCT_BUNDLE_IDENTIFIER = com.Reverse.MachiLive;
				PRODUCT_NAME = "$(TARGET_NAME)";
				SWIFT_VERSION = 4.2;
				TARGETED_DEVICE_FAMILY = "1,2";
			};
			name = Release;
		};
/* End XCBuildConfiguration section */

/* Begin XCConfigurationList section */
		467FC92B226D34C800787148 /* Build configuration list for PBXProject "MachiLive" */ = {
			isa = XCConfigurationList;
			buildConfigurations = (
				467FC940226D34CB00787148 /* Debug */,
				467FC941226D34CB00787148 /* Release */,
			);
			defaultConfigurationIsVisible = 0;
			defaultConfigurationName = Release;
		};
		467FC942226D34CB00787148 /* Build configuration list for PBXNativeTarget "MachiLive" */ = {
			isa = XCConfigurationList;
			buildConfigurations = (
				467FC943226D34CB00787148 /* Debug */,
				467FC944226D34CB00787148 /* Release */,
			);
			defaultConfigurationIsVisible = 0;
			defaultConfigurationName = Release;
		};
/* End XCConfigurationList section */
	};
	rootObject = 467FC928226D34C800787148 /* Project object */;
}
